
Microsoft Visual Studio Solution File, Format Version 12.00
# Visual Studio Express 2012 for Windows Desktop
Project("{FAE04EC0-301F-11D3-BF4B-00C04F79EFBC}") = "EdmGen06", "EdmGen06.csproj", "{B9B34ACB-3CB7-4B76-937E-C74141C40E3A}"
EndProject
Project("{FAE04EC0-301F-11D3-BF4B-00C04F79EFBC}") = "EFv35", "EFv35\EFv35.csproj", "{D29FD339-3A2E-4A2C-994A-62985BF94580}"
EndProject
Project("{FAE04EC0-301F-11D3-BF4B-00C04F79EFBC}") = "EFv40", "EFv40\EFv40.csproj", "{7E897C33-AE71-4250-B218-BB9D22E40B48}"
EndProject
Project("{FAE04EC0-301F-11D3-BF4B-00C04F79EFBC}") = "EFv60", "EFv60\EFv60.csproj", "{1C9F341B-3308-419B-82E5-C8B000C87CDC}"
EndProject
Project("{FAE04EC0-301F-11D3-BF4B-00C04F79EFBC}") = "Zipping", "Zipping\Zipping.csproj", "{87B5170D-C063-4789-B5D3-7978FF7BE5D2}"
	ProjectSection(ProjectDependencies) = postProject
		{1C9F341B-3308-419B-82E5-C8B000C87CDC} = {1C9F341B-3308-419B-82E5-C8B000C87CDC}
		{7E897C33-AE71-4250-B218-BB9D22E40B48} = {7E897C33-AE71-4250-B218-BB9D22E40B48}
		{D29FD339-3A2E-4A2C-994A-62985BF94580} = {D29FD339-3A2E-4A2C-994A-62985BF94580}
	EndProjectSection
EndProject
Project("{FAE04EC0-301F-11D3-BF4B-00C04F79EFBC}") = "EdmGen06UI", "EdmGen06UI\EdmGen06UI.csproj", "{26DAF041-B267-4868-8FAA-268627047AB6}"
EndProject
Global
	GlobalSection(SolutionConfigurationPlatforms) = preSolution
		Debug|Any CPU = Debug|Any CPU
		Debug-net35|Any CPU = Debug-net35|Any CPU
		Debug-net45|Any CPU = Debug-net45|Any CPU
		Debug-net45-EF6|Any CPU = Debug-net45-EF6|Any CPU
		Release|Any CPU = Release|Any CPU
		Release-net45|Any CPU = Release-net45|Any CPU
		Release-net45-EF6|Any CPU = Release-net45-EF6|Any CPU
	EndGlobalSection
	GlobalSection(ProjectConfigurationPlatforms) = postSolution
		{B9B34ACB-3CB7-4B76-937E-C74141C40E3A}.Debug|Any CPU.ActiveCfg = Debug-net45-EF6|Any CPU
		{B9B34ACB-3CB7-4B76-937E-C74141C40E3A}.Debug|Any CPU.Build.0 = Debug-net45-EF6|Any CPU
		{B9B34ACB-3CB7-4B76-937E-C74141C40E3A}.Debug-net35|Any CPU.ActiveCfg = Debug-net35|Any CPU
		{B9B34ACB-3CB7-4B76-937E-C74141C40E3A}.Debug-net35|Any CPU.Build.0 = Debug-net35|Any CPU
		{B9B34ACB-3CB7-4B76-937E-C74141C40E3A}.Debug-net45|Any CPU.ActiveCfg = Debug-net45-EF4|Any CPU
		{B9B34ACB-3CB7-4B76-937E-C74141C40E3A}.Debug-net45|Any CPU.Build.0 = Debug-net45-EF4|Any CPU
		{B9B34ACB-3CB7-4B76-937E-C74141C40E3A}.Debug-net45-EF6|Any CPU.ActiveCfg = Debug-net45-EF6|Any CPU
		{B9B34ACB-3CB7-4B76-937E-C74141C40E3A}.Debug-net45-EF6|Any CPU.Build.0 = Debug-net45-EF6|Any CPU
		{B9B34ACB-3CB7-4B76-937E-C74141C40E3A}.Release|Any CPU.ActiveCfg = Release-net45-EF6|Any CPU
		{B9B34ACB-3CB7-4B76-937E-C74141C40E3A}.Release|Any CPU.Build.0 = Release-net45-EF6|Any CPU
		{B9B34ACB-3CB7-4B76-937E-C74141C40E3A}.Release-net45|Any CPU.ActiveCfg = Release-net45-EF4|Any CPU
		{B9B34ACB-3CB7-4B76-937E-C74141C40E3A}.Release-net45|Any CPU.Build.0 = Release-net45-EF4|Any CPU
		{B9B34ACB-3CB7-4B76-937E-C74141C40E3A}.Release-net45-EF6|Any CPU.ActiveCfg = Release-net45-EF6|Any CPU
		{B9B34ACB-3CB7-4B76-937E-C74141C40E3A}.Release-net45-EF6|Any CPU.Build.0 = Release-net45-EF6|Any CPU
		{D29FD339-3A2E-4A2C-994A-62985BF94580}.Debug|Any CPU.ActiveCfg = Debug|Any CPU
		{D29FD339-3A2E-4A2C-994A-62985BF94580}.Debug|Any CPU.Build.0 = Debug|Any CPU
		{D29FD339-3A2E-4A2C-994A-62985BF94580}.Debug-net35|Any CPU.ActiveCfg = Debug|Any CPU
		{D29FD339-3A2E-4A2C-994A-62985BF94580}.Debug-net35|Any CPU.Build.0 = Debug|Any CPU
		{D29FD339-3A2E-4A2C-994A-62985BF94580}.Debug-net45|Any CPU.ActiveCfg = Debug|Any CPU
		{D29FD339-3A2E-4A2C-994A-62985BF94580}.Debug-net45|Any CPU.Build.0 = Debug|Any CPU
		{D29FD339-3A2E-4A2C-994A-62985BF94580}.Debug-net45-EF6|Any CPU.ActiveCfg = Debug|Any CPU
		{D29FD339-3A2E-4A2C-994A-62985BF94580}.Debug-net45-EF6|Any CPU.Build.0 = Debug|Any CPU
		{D29FD339-3A2E-4A2C-994A-62985BF94580}.Release|Any CPU.ActiveCfg = Release|Any CPU
		{D29FD339-3A2E-4A2C-994A-62985BF94580}.Release|Any CPU.Build.0 = Release|Any CPU
		{D29FD339-3A2E-4A2C-994A-62985BF94580}.Release-net45|Any CPU.ActiveCfg = Release|Any CPU
		{D29FD339-3A2E-4A2C-994A-62985BF94580}.Release-net45|Any CPU.Build.0 = Release|Any CPU
		{D29FD339-3A2E-4A2C-994A-62985BF94580}.Release-net45-EF6|Any CPU.ActiveCfg = Release|Any CPU
		{D29FD339-3A2E-4A2C-994A-62985BF94580}.Release-net45-EF6|Any CPU.Build.0 = Release|Any CPU
		{7E897C33-AE71-4250-B218-BB9D22E40B48}.Debug|Any CPU.ActiveCfg = Debug|Any CPU
		{7E897C33-AE71-4250-B218-BB9D22E40B48}.Debug|Any CPU.Build.0 = Debug|Any CPU
		{7E897C33-AE71-4250-B218-BB9D22E40B48}.Debug-net35|Any CPU.ActiveCfg = Debug|Any CPU
		{7E897C33-AE71-4250-B218-BB9D22E40B48}.Debug-net35|Any CPU.Build.0 = Debug|Any CPU
		{7E897C33-AE71-4250-B218-BB9D22E40B48}.Debug-net45|Any CPU.ActiveCfg = Debug|Any CPU
		{7E897C33-AE71-4250-B218-BB9D22E40B48}.Debug-net45|Any CPU.Build.0 = Debug|Any CPU
		{7E897C33-AE71-4250-B218-BB9D22E40B48}.Debug-net45-EF6|Any CPU.ActiveCfg = Debug|Any CPU
		{7E897C33-AE71-4250-B218-BB9D22E40B48}.Debug-net45-EF6|Any CPU.Build.0 = Debug|Any CPU
		{7E897C33-AE71-4250-B218-BB9D22E40B48}.Release|Any CPU.ActiveCfg = Release|Any CPU
		{7E897C33-AE71-4250-B218-BB9D22E40B48}.Release|Any CPU.Build.0 = Release|Any CPU
		{7E897C33-AE71-4250-B218-BB9D22E40B48}.Release-net45|Any CPU.ActiveCfg = Release|Any CPU
		{7E897C33-AE71-4250-B218-BB9D22E40B48}.Release-net45|Any CPU.Build.0 = Release|Any CPU
		{7E897C33-AE71-4250-B218-BB9D22E40B48}.Release-net45-EF6|Any CPU.ActiveCfg = Release|Any CPU
		{7E897C33-AE71-4250-B218-BB9D22E40B48}.Release-net45-EF6|Any CPU.Build.0 = Release|Any CPU
		{1C9F341B-3308-419B-82E5-C8B000C87CDC}.Debug|Any CPU.ActiveCfg = Debug|Any CPU
		{1C9F341B-3308-419B-82E5-C8B000C87CDC}.Debug|Any CPU.Build.0 = Debug|Any CPU
		{1C9F341B-3308-419B-82E5-C8B000C87CDC}.Debug-net35|Any CPU.ActiveCfg = Debug|Any CPU
		{1C9F341B-3308-419B-82E5-C8B000C87CDC}.Debug-net35|Any CPU.Build.0 = Debug|Any CPU
		{1C9F341B-3308-419B-82E5-C8B000C87CDC}.Debug-net45|Any CPU.ActiveCfg = Debug|Any CPU
		{1C9F341B-3308-419B-82E5-C8B000C87CDC}.Debug-net45|Any CPU.Build.0 = Debug|Any CPU
		{1C9F341B-3308-419B-82E5-C8B000C87CDC}.Debug-net45-EF6|Any CPU.ActiveCfg = Debug|Any CPU
		{1C9F341B-3308-419B-82E5-C8B000C87CDC}.Debug-net45-EF6|Any CPU.Build.0 = Debug|Any CPU
		{1C9F341B-3308-419B-82E5-C8B000C87CDC}.Release|Any CPU.ActiveCfg = Release|Any CPU
		{1C9F341B-3308-419B-82E5-C8B000C87CDC}.Release|Any CPU.Build.0 = Release|Any CPU
		{1C9F341B-3308-419B-82E5-C8B000C87CDC}.Release-net45|Any CPU.ActiveCfg = Release|Any CPU
		{1C9F341B-3308-419B-82E5-C8B000C87CDC}.Release-net45|Any CPU.Build.0 = Release|Any CPU
		{1C9F341B-3308-419B-82E5-C8B000C87CDC}.Release-net45-EF6|Any CPU.ActiveCfg = Release|Any CPU
		{1C9F341B-3308-419B-82E5-C8B000C87CDC}.Release-net45-EF6|Any CPU.Build.0 = Release|Any CPU
		{87B5170D-C063-4789-B5D3-7978FF7BE5D2}.Debug|Any CPU.ActiveCfg = Debug|Any CPU
		{87B5170D-C063-4789-B5D3-7978FF7BE5D2}.Debug|Any CPU.Build.0 = Debug|Any CPU
		{87B5170D-C063-4789-B5D3-7978FF7BE5D2}.Debug-net35|Any CPU.ActiveCfg = Debug|Any CPU
		{87B5170D-C063-4789-B5D3-7978FF7BE5D2}.Debug-net35|Any CPU.Build.0 = Debug|Any CPU
		{87B5170D-C063-4789-B5D3-7978FF7BE5D2}.Debug-net45|Any CPU.ActiveCfg = Debug|Any CPU
		{87B5170D-C063-4789-B5D3-7978FF7BE5D2}.Debug-net45|Any CPU.Build.0 = Debug|Any CPU
		{87B5170D-C063-4789-B5D3-7978FF7BE5D2}.Debug-net45-EF6|Any CPU.ActiveCfg = Debug|Any CPU
		{87B5170D-C063-4789-B5D3-7978FF7BE5D2}.Debug-net45-EF6|Any CPU.Build.0 = Debug|Any CPU
		{87B5170D-C063-4789-B5D3-7978FF7BE5D2}.Release|Any CPU.ActiveCfg = Release|Any CPU
		{87B5170D-C063-4789-B5D3-7978FF7BE5D2}.Release|Any CPU.Build.0 = Release|Any CPU
		{87B5170D-C063-4789-B5D3-7978FF7BE5D2}.Release-net45|Any CPU.ActiveCfg = Release|Any CPU
		{87B5170D-C063-4789-B5D3-7978FF7BE5D2}.Release-net45|Any CPU.Build.0 = Release|Any CPU
		{87B5170D-C063-4789-B5D3-7978FF7BE5D2}.Release-net45-EF6|Any CPU.ActiveCfg = Release|Any CPU
		{87B5170D-C063-4789-B5D3-7978FF7BE5D2}.Release-net45-EF6|Any CPU.Build.0 = Release|Any CPU
		{26DAF041-B267-4868-8FAA-268627047AB6}.Debug|Any CPU.ActiveCfg = Debug|Any CPU
		{26DAF041-B267-4868-8FAA-268627047AB6}.Debug|Any CPU.Build.0 = Debug|Any CPU
		{26DAF041-B267-4868-8FAA-268627047AB6}.Debug-net35|Any CPU.ActiveCfg = Debug|Any CPU
		{26DAF041-B267-4868-8FAA-268627047AB6}.Debug-net35|Any CPU.Build.0 = Debug|Any CPU
		{26DAF041-B267-4868-8FAA-268627047AB6}.Debug-net45|Any CPU.ActiveCfg = Debug|Any CPU
		{26DAF041-B267-4868-8FAA-268627047AB6}.Debug-net45|Any CPU.Build.0 = Debug|Any CPU
		{26DAF041-B267-4868-8FAA-268627047AB6}.Debug-net45-EF6|Any CPU.ActiveCfg = Debug|Any CPU
		{26DAF041-B267-4868-8FAA-268627047AB6}.Debug-net45-EF6|Any CPU.Build.0 = Debug|Any CPU
		{26DAF041-B267-4868-8FAA-268627047AB6}.Release|Any CPU.ActiveCfg = Release|Any CPU
		{26DAF041-B267-4868-8FAA-268627047AB6}.Release|Any CPU.Build.0 = Release|Any CPU
		{26DAF041-B267-4868-8FAA-268627047AB6}.Release-net45|Any CPU.ActiveCfg = Release|Any CPU
		{26DAF041-B267-4868-8FAA-268627047AB6}.Release-net45|Any CPU.Build.0 = Release|Any CPU
		{26DAF041-B267-4868-8FAA-268627047AB6}.Release-net45-EF6|Any CPU.ActiveCfg = Release|Any CPU
		{26DAF041-B267-4868-8FAA-268627047AB6}.Release-net45-EF6|Any CPU.Build.0 = Release|Any CPU
	EndGlobalSection
	GlobalSection(SolutionProperties) = preSolution
		HideSolutionNode = FALSE
	EndGlobalSection
EndGlobal
