
Microsoft Visual Studio Solution File, Format Version 12.00
# Visual Studio Express 2012 for Windows Desktop
Project("{FAE04EC0-301F-11D3-BF4B-00C04F79EFBC}") = "EdmGen06", "EdmGen06.csproj", "{B9B34ACB-3CB7-4B76-937E-C74141C40E3A}"
EndProject
Global
	GlobalSection(SolutionConfigurationPlatforms) = preSolution
		Debug-net35|Any CPU = Debug-net35|Any CPU
		Debug-net45|Any CPU = Debug-net45|Any CPU
		Debug-net45-EF6|Any CPU = Debug-net45-EF6|Any CPU
		Release-net45|Any CPU = Release-net45|Any CPU
		Release-net45-EF6|Any CPU = Release-net45-EF6|Any CPU
	EndGlobalSection
	GlobalSection(ProjectConfigurationPlatforms) = postSolution
		{B9B34ACB-3CB7-4B76-937E-C74141C40E3A}.Debug-net35|Any CPU.ActiveCfg = Debug-net35|Any CPU
		{B9B34ACB-3CB7-4B76-937E-C74141C40E3A}.Debug-net35|Any CPU.Build.0 = Debug-net35|Any CPU
		{B9B34ACB-3CB7-4B76-937E-C74141C40E3A}.Debug-net45|Any CPU.ActiveCfg = Debug-net45-EF4|Any CPU
		{B9B34ACB-3CB7-4B76-937E-C74141C40E3A}.Debug-net45|Any CPU.Build.0 = Debug-net45-EF4|Any CPU
		{B9B34ACB-3CB7-4B76-937E-C74141C40E3A}.Debug-net45-EF6|Any CPU.ActiveCfg = Debug-net45-EF6|Any CPU
		{B9B34ACB-3CB7-4B76-937E-C74141C40E3A}.Debug-net45-EF6|Any CPU.Build.0 = Debug-net45-EF6|Any CPU
		{B9B34ACB-3CB7-4B76-937E-C74141C40E3A}.Release-net45|Any CPU.ActiveCfg = Release-net45-EF4|Any CPU
		{B9B34ACB-3CB7-4B76-937E-C74141C40E3A}.Release-net45|Any CPU.Build.0 = Release-net45-EF4|Any CPU
		{B9B34ACB-3CB7-4B76-937E-C74141C40E3A}.Release-net45-EF6|Any CPU.ActiveCfg = Release-net45-EF6|Any CPU
		{B9B34ACB-3CB7-4B76-937E-C74141C40E3A}.Release-net45-EF6|Any CPU.Build.0 = Release-net45-EF6|Any CPU
	EndGlobalSection
	GlobalSection(SolutionProperties) = preSolution
		HideSolutionNode = FALSE
	EndGlobalSection
EndGlobal
